
Microsoft Visual Studio Solution File, Format Version 12.00
# Visual Studio Version 17
VisualStudioVersion = 17.3.32721.290
MinimumVisualStudioVersion = 10.0.40219.1
Project("{8BC9CEB8-8B4A-11D0-8D11-00A0C91BC942}") = "距离函数", "距离函数\距离函数.vcxproj", "{ADB8DB1A-7831-41D8-85C6-4EA06C30E479}"
EndProject
Project("{8BC9CEB8-8B4A-11D0-8D11-00A0C91BC942}") = "计算阶乘", "计算阶乘\计算阶乘.vcxproj", "{7CDE1A38-21D4-4C34-9D98-36AE228485D0}"
EndProject
Project("{8BC9CEB8-8B4A-11D0-8D11-00A0C91BC942}") = "最厉害的学生", "最厉害的学生\最厉害的学生.vcxproj", "{82249280-69D0-4E6E-BF40-CFD0C7B7FEA3}"
EndProject
Project("{8BC9CEB8-8B4A-11D0-8D11-00A0C91BC942}") = "培训", "培训\培训.vcxproj", "{030BBDE8-8DD2-49A5-AE13-73F0E452C81D}"
EndProject
Project("{8BC9CEB8-8B4A-11D0-8D11-00A0C91BC942}") = "评等级", "评等级\评等级.vcxproj", "{986FBC2C-7FFF-4298-ACC6-78AE84D004C3}"
EndProject
Project("{8BC9CEB8-8B4A-11D0-8D11-00A0C91BC942}") = "歌唱比赛", "歌唱比赛\歌唱比赛.vcxproj", "{02B80B75-CB2E-4426-8997-1BDBC210922C}"
EndProject
Project("{8BC9CEB8-8B4A-11D0-8D11-00A0C91BC942}") = "选举学生会", "选举学生会\选举学生会.vcxproj", "{C740B219-7BD2-4F3F-8CF8-44472CA66976}"
EndProject
Project("{8BC9CEB8-8B4A-11D0-8D11-00A0C91BC942}") = "蛇形矩阵", "蛇形矩阵\蛇形矩阵.vcxproj", "{9B1D2550-B267-4507-9C9A-FDD9A0EBC8E2}"
EndProject
Project("{8BC9CEB8-8B4A-11D0-8D11-00A0C91BC942}") = "杨辉三角", "杨辉三角\杨辉三角.vcxproj", "{03A2D0A5-66C9-473A-B731-2DEA7F6E9DAE}"
EndProject
Project("{8BC9CEB8-8B4A-11D0-8D11-00A0C91BC942}") = "大数乘法", "大数乘法\大数乘法.vcxproj", "{1FAD9409-12F4-4DA4-A3CE-7EBF0E6F2962}"
EndProject
Project("{8BC9CEB8-8B4A-11D0-8D11-00A0C91BC942}") = "最大公约数和最小公倍数", "最大公约数和最小公倍数\最大公约数和最小公倍数.vcxproj", "{A5F2AC07-4835-4976-9D50-C4DB80FEA09E}"
EndProject
Project("{8BC9CEB8-8B4A-11D0-8D11-00A0C91BC942}") = "字符串替换", "字符串替换\字符串替换.vcxproj", "{B61F7D40-CBAE-4DA3-8D69-9E036F7804C0}"
EndProject
Project("{8BC9CEB8-8B4A-11D0-8D11-00A0C91BC942}") = "数制转换", "数制转换\数制转换.vcxproj", "{7F460243-05C0-4314-B93D-45C05D46DBD8}"
EndProject
Project("{8BC9CEB8-8B4A-11D0-8D11-00A0C91BC942}") = "同一天生日", "同一天生日\同一天生日.vcxproj", "{B2BF7C35-7217-4584-A2FD-7F4D1DC97C4A}"
EndProject
Project("{8BC9CEB8-8B4A-11D0-8D11-00A0C91BC942}") = "忽略大小写比较字符串", "忽略大小写比较字符串\忽略大小写比较字符串.vcxproj", "{9E5DC6DB-0AE3-4528-B18E-A350F9F67C3C}"
EndProject
Project("{8BC9CEB8-8B4A-11D0-8D11-00A0C91BC942}") = "矩阵乘法", "矩阵乘法\矩阵乘法.vcxproj", "{9861D755-D611-4245-B628-CC2EABB3A1E4}"
EndProject
Project("{8BC9CEB8-8B4A-11D0-8D11-00A0C91BC942}") = "不吉利日期", "不吉利日期\不吉利日期.vcxproj", "{8CFFAD33-D499-4F63-9E14-BDD20266727C}"
EndProject
Project("{8BC9CEB8-8B4A-11D0-8D11-00A0C91BC942}") = "统计字符数", "统计字符数\统计字符数.vcxproj", "{2FB567FA-1DA7-4DFD-8ED9-5739199429BF}"
EndProject
Project("{8BC9CEB8-8B4A-11D0-8D11-00A0C91BC942}") = "Digital Roots", "Digital Roots\Digital Roots.vcxproj", "{4D5E3778-BF38-4FF9-BA40-C5D314830BDA}"
EndProject
Project("{8BC9CEB8-8B4A-11D0-8D11-00A0C91BC942}") = "求方程的根", "求方程的根\求方程的根.vcxproj", "{AD32FD83-0F63-4D81-85AF-22B3E88CB069}"
EndProject
Project("{8BC9CEB8-8B4A-11D0-8D11-00A0C91BC942}") = "判断素数函数", "判断素数函数\判断素数函数.vcxproj", "{FE6A4F94-9A6F-470E-B361-CC397795DE45}"
EndProject
Project("{8BC9CEB8-8B4A-11D0-8D11-00A0C91BC942}") = "统计字符串", "统计字符串\统计字符串.vcxproj", "{E6E9BF5D-4C4D-4988-A00B-6BF740991FD9}"
EndProject
Project("{8BC9CEB8-8B4A-11D0-8D11-00A0C91BC942}") = "十六进制数转十进制", "十六进制数转十进制\十六进制数转十进制.vcxproj", "{D7F37DC2-1555-494C-894D-61CC03654880}"
EndProject
Project("{8BC9CEB8-8B4A-11D0-8D11-00A0C91BC942}") = "求阶乘", "求阶乘\求阶乘.vcxproj", "{08972C30-3918-4F9A-B8A3-F1EA22EA749A}"
EndProject
Project("{8BC9CEB8-8B4A-11D0-8D11-00A0C91BC942}") = "数字移动", "数字移动\数字移动.vcxproj", "{BBC0AE19-3C48-42DB-A3A8-5B665FE7BE68}"
EndProject
Project("{8BC9CEB8-8B4A-11D0-8D11-00A0C91BC942}") = "复制字符串", "复制字符串\复制字符串.vcxproj", "{2BC2B5C6-F8A2-4712-8A17-2F144E88DFF4}"
EndProject
Project("{8BC9CEB8-8B4A-11D0-8D11-00A0C91BC942}") = "课后作业：统计各个字符", "课后作业：统计各个字符\课后作业：统计各个字符.vcxproj", "{0B4BE96C-2BBD-402B-9CE8-70BEB4B72FDC}"
EndProject
Project("{8BC9CEB8-8B4A-11D0-8D11-00A0C91BC942}") = "课后作业：字符串排序", "课后作业：字符串排序\课后作业：字符串排序.vcxproj", "{C0D53194-3883-449F-8F3E-B21D75474D8F}"
EndProject
Project("{8BC9CEB8-8B4A-11D0-8D11-00A0C91BC942}") = "课后作业：字符转换（书本作业10.3）", "课后作业：字符转换（书本作业10.3）\课后作业：字符转换（书本作业10.3）.vcxproj", "{63DDE051-1060-4B42-A7A0-7EA0D86226BE}"
EndProject
Project("{8BC9CEB8-8B4A-11D0-8D11-00A0C91BC942}") = "课后作业：学生数据信息（书本作业10.5）", "课后作业：学生数据信息（书本作业10.5）\课后作业：学生数据信息（书本作业10.5）.vcxproj", "{6CB6D063-B43B-4E5F-9A81-5080769F1F0F}"
EndProject
Project("{8BC9CEB8-8B4A-11D0-8D11-00A0C91BC942}") = "课后作业：计算天数（书本作业9.1）", "课后作业：计算天数（书本作业9.1）\课后作业：计算天数（书本作业9.1）.vcxproj", "{32B53577-B19D-43B4-96D3-249BC986F727}"
EndProject
Project("{8BC9CEB8-8B4A-11D0-8D11-00A0C91BC942}") = "课后作业：计算成绩（书本作业9.5）", "课后作业：计算成绩（书本作业9.5）\课后作业：计算成绩（书本作业9.5）.vcxproj", "{37E12354-51CB-4FC8-8778-C4C77DE9C79A}"
EndProject
Project("{8BC9CEB8-8B4A-11D0-8D11-00A0C91BC942}") = "10071 求平均成绩", "10071 求平均成绩\10071 求平均成绩.vcxproj", "{D243FA03-262C-4117-8950-F10563A1592F}"
EndProject
Project("{8BC9CEB8-8B4A-11D0-8D11-00A0C91BC942}") = "10073 字符串比较", "10073 字符串比较\10073 字符串比较.vcxproj", "{364805FD-10A3-433B-9449-6130D77B3260}"
EndProject
Project("{8BC9CEB8-8B4A-11D0-8D11-00A0C91BC942}") = "10074 学生成绩统计(指针)", "10074 学生成绩统计(指针)\10074 学生成绩统计(指针).vcxproj", "{D53FA4D5-F75B-408F-867D-0767904E96F2}"
EndProject
Project("{8BC9CEB8-8B4A-11D0-8D11-00A0C91BC942}") = "10072 字符串排序", "10072 字符串排序\10072 字符串排序.vcxproj", "{A7BFF1F2-70FE-4E5A-BEB5-B52AD13ADC9F}"
EndProject
Project("{8BC9CEB8-8B4A-11D0-8D11-00A0C91BC942}") = "课后作业：百分制成绩（书本作业4.8）", "课后作业：百分制成绩（书本作业4.8）\课后作业：百分制成绩（书本作业4.8）.vcxproj", "{5FEE806E-55C4-4938-9077-CC3C8EC22952}"
EndProject
Project("{8BC9CEB8-8B4A-11D0-8D11-00A0C91BC942}") = "课后作业：分数序列求和（书本作业5.10）", "课后作业：分数序列求和（书本作业5.10）\课后作业：分数序列求和（书本作业5.10）.vcxproj", "{82B02D92-65FC-4BA5-9AC2-26B7C1EA768E}"
EndProject
Project("{8BC9CEB8-8B4A-11D0-8D11-00A0C91BC942}") = "课后作业：完全数", "课后作业：完全数\课后作业：完全数.vcxproj", "{DBB4FD43-3BE3-41EA-908D-A14DB246C632}"
EndProject
Project("{8BC9CEB8-8B4A-11D0-8D11-00A0C91BC942}") = "10032 求累加和", "10032 求累加和\10032 求累加和.vcxproj", "{654876B1-F244-4A3A-92D8-CAB2E7333242}"
EndProject
Project("{8BC9CEB8-8B4A-11D0-8D11-00A0C91BC942}") = "求若干个数据的最小值(利用函数重载)", "求若干个数据的最小值(利用函数重载)\求若干个数据的最小值(利用函数重载).vcxproj", "{24C4839D-0D9C-4F99-879E-539BEFF349DD}"
EndProject
Project("{8BC9CEB8-8B4A-11D0-8D11-00A0C91BC942}") = "n个数的排序(利用函数模板)", "n个数的排序(利用函数模板)\n个数的排序(利用函数模板).vcxproj", "{C3791ECB-E386-4CAA-BED1-6A3FC566B34E}"
EndProject
Project("{8BC9CEB8-8B4A-11D0-8D11-00A0C91BC942}") = "一维整数数组使用(使用动态方式建立一维数组)", "一维整数数组使用(使用动态方式建立一维数组)\一维整数数组使用(使用动态方式建立一维数组).vcxproj", "{230F49F2-C02C-4D52-B55A-5FF1C14DFF58}"
EndProject
Project("{8BC9CEB8-8B4A-11D0-8D11-00A0C91BC942}") = "整数类设计(基于对象的程序设计)", "整数类设计(基于对象的程序设计)\整数类设计(基于对象的程序设计).vcxproj", "{634B121A-274B-483B-8CF1-F7A1313377C1}"
EndProject
Project("{8BC9CEB8-8B4A-11D0-8D11-00A0C91BC942}") = "圆类设计(基于对象的程序设计)", "圆类设计(基于对象的程序设计)\圆类设计(基于对象的程序设计).vcxproj", "{5D386885-A572-4242-B0A4-259BE947218C}"
EndProject
Project("{8BC9CEB8-8B4A-11D0-8D11-00A0C91BC942}") = "计算长方体体积", "计算长方体体积\计算长方体体积.vcxproj", "{749DFBC7-A58C-4198-B256-CEE945DFDC2F}"
EndProject
Project("{8BC9CEB8-8B4A-11D0-8D11-00A0C91BC942}") = "动态建立对象数组的应用", "动态建立对象数组的应用\动态建立对象数组的应用.vcxproj", "{D2335331-8A19-4655-8203-E01F70BEC4FB}"
EndProject
Project("{8BC9CEB8-8B4A-11D0-8D11-00A0C91BC942}") = "静态数据成员和静态成员函数应用", "静态数据成员和静态成员函数应用\静态数据成员和静态成员函数应用.vcxproj", "{B018D7B3-ABE4-4219-9EA9-12FC896FDF60}"
EndProject
Project("{8BC9CEB8-8B4A-11D0-8D11-00A0C91BC942}") = "计算两点间距离(成员函数)", "计算两点间距离(成员函数)\计算两点间距离(成员函数).vcxproj", "{7D872D85-70A7-447F-BDA3-3A0495602711}"
EndProject
Project("{8BC9CEB8-8B4A-11D0-8D11-00A0C91BC942}") = "计算两点间距离(友元成员函数)", "计算两点间距离(友元成员函数)\计算两点间距离(友元成员函数).vcxproj", "{917BCE4F-570B-406A-BDF1-69CBB8A5A083}"
EndProject
Project("{8BC9CEB8-8B4A-11D0-8D11-00A0C91BC942}") = "单继承的方式", "单继承的方式\单继承的方式.vcxproj", "{A7C2B617-6D39-48A6-AEAC-2ED3F25AA139}"
EndProject
Project("{8BC9CEB8-8B4A-11D0-8D11-00A0C91BC942}") = "多继承方式", "多继承方式\多继承方式.vcxproj", "{D76150CB-13D1-43A3-A70D-22DD89DAE27B}"
EndProject
Project("{8BC9CEB8-8B4A-11D0-8D11-00A0C91BC942}") = "动态多态性-抽象基类", "动态多态性-抽象基类\动态多态性-抽象基类.vcxproj", "{B82A335C-F6EC-4B2F-9ABD-7026E1F3A29D}"
EndProject
Project("{8BC9CEB8-8B4A-11D0-8D11-00A0C91BC942}") = "动态多态性-纯虚函数", "动态多态性-纯虚函数\动态多态性-纯虚函数.vcxproj", "{5BFE12E4-85E5-43FD-AE42-9494468EFEE4}"
EndProject
Project("{8BC9CEB8-8B4A-11D0-8D11-00A0C91BC942}") = "点是否在圆周上", "点是否在圆周上\点是否在圆周上.vcxproj", "{FC6B80F3-8444-4311-AB7E-3ACD4AA6DA02}"
EndProject
Project("{8BC9CEB8-8B4A-11D0-8D11-00A0C91BC942}") = "棋盘覆盖", "棋盘覆盖\棋盘覆盖.vcxproj", "{3B6404CB-0FB8-41A2-B479-CA8A73F17527}"
EndProject
Project("{8BC9CEB8-8B4A-11D0-8D11-00A0C91BC942}") = "特定二分搜索", "特定二分搜索\特定二分搜索.vcxproj", "{FE9F6400-7D2F-4BD0-B73C-9F4A20710AC8}"
EndProject
Project("{8BC9CEB8-8B4A-11D0-8D11-00A0C91BC942}") = "自然合并排序", "自然合并排序\自然合并排序.vcxproj", "{E4A65F76-C479-4287-8C2B-02EBA5F3952C}"
EndProject
Global
	GlobalSection(SolutionConfigurationPlatforms) = preSolution
		Debug|x64 = Debug|x64
		Debug|x86 = Debug|x86
		Release|x64 = Release|x64
		Release|x86 = Release|x86
	EndGlobalSection
	GlobalSection(ProjectConfigurationPlatforms) = postSolution
		{ADB8DB1A-7831-41D8-85C6-4EA06C30E479}.Debug|x64.ActiveCfg = Debug|x64
		{ADB8DB1A-7831-41D8-85C6-4EA06C30E479}.Debug|x64.Build.0 = Debug|x64
		{ADB8DB1A-7831-41D8-85C6-4EA06C30E479}.Debug|x86.ActiveCfg = Debug|Win32
		{ADB8DB1A-7831-41D8-85C6-4EA06C30E479}.Debug|x86.Build.0 = Debug|Win32
		{ADB8DB1A-7831-41D8-85C6-4EA06C30E479}.Release|x64.ActiveCfg = Release|x64
		{ADB8DB1A-7831-41D8-85C6-4EA06C30E479}.Release|x64.Build.0 = Release|x64
		{ADB8DB1A-7831-41D8-85C6-4EA06C30E479}.Release|x86.ActiveCfg = Release|Win32
		{ADB8DB1A-7831-41D8-85C6-4EA06C30E479}.Release|x86.Build.0 = Release|Win32
		{7CDE1A38-21D4-4C34-9D98-36AE228485D0}.Debug|x64.ActiveCfg = Debug|x64
		{7CDE1A38-21D4-4C34-9D98-36AE228485D0}.Debug|x64.Build.0 = Debug|x64
		{7CDE1A38-21D4-4C34-9D98-36AE228485D0}.Debug|x86.ActiveCfg = Debug|Win32
		{7CDE1A38-21D4-4C34-9D98-36AE228485D0}.Debug|x86.Build.0 = Debug|Win32
		{7CDE1A38-21D4-4C34-9D98-36AE228485D0}.Release|x64.ActiveCfg = Release|x64
		{7CDE1A38-21D4-4C34-9D98-36AE228485D0}.Release|x64.Build.0 = Release|x64
		{7CDE1A38-21D4-4C34-9D98-36AE228485D0}.Release|x86.ActiveCfg = Release|Win32
		{7CDE1A38-21D4-4C34-9D98-36AE228485D0}.Release|x86.Build.0 = Release|Win32
		{82249280-69D0-4E6E-BF40-CFD0C7B7FEA3}.Debug|x64.ActiveCfg = Debug|x64
		{82249280-69D0-4E6E-BF40-CFD0C7B7FEA3}.Debug|x64.Build.0 = Debug|x64
		{82249280-69D0-4E6E-BF40-CFD0C7B7FEA3}.Debug|x86.ActiveCfg = Debug|Win32
		{82249280-69D0-4E6E-BF40-CFD0C7B7FEA3}.Debug|x86.Build.0 = Debug|Win32
		{82249280-69D0-4E6E-BF40-CFD0C7B7FEA3}.Release|x64.ActiveCfg = Release|x64
		{82249280-69D0-4E6E-BF40-CFD0C7B7FEA3}.Release|x64.Build.0 = Release|x64
		{82249280-69D0-4E6E-BF40-CFD0C7B7FEA3}.Release|x86.ActiveCfg = Release|Win32
		{82249280-69D0-4E6E-BF40-CFD0C7B7FEA3}.Release|x86.Build.0 = Release|Win32
		{030BBDE8-8DD2-49A5-AE13-73F0E452C81D}.Debug|x64.ActiveCfg = Debug|x64
		{030BBDE8-8DD2-49A5-AE13-73F0E452C81D}.Debug|x64.Build.0 = Debug|x64
		{030BBDE8-8DD2-49A5-AE13-73F0E452C81D}.Debug|x86.ActiveCfg = Debug|Win32
		{030BBDE8-8DD2-49A5-AE13-73F0E452C81D}.Debug|x86.Build.0 = Debug|Win32
		{030BBDE8-8DD2-49A5-AE13-73F0E452C81D}.Release|x64.ActiveCfg = Release|x64
		{030BBDE8-8DD2-49A5-AE13-73F0E452C81D}.Release|x64.Build.0 = Release|x64
		{030BBDE8-8DD2-49A5-AE13-73F0E452C81D}.Release|x86.ActiveCfg = Release|Win32
		{030BBDE8-8DD2-49A5-AE13-73F0E452C81D}.Release|x86.Build.0 = Release|Win32
		{986FBC2C-7FFF-4298-ACC6-78AE84D004C3}.Debug|x64.ActiveCfg = Debug|x64
		{986FBC2C-7FFF-4298-ACC6-78AE84D004C3}.Debug|x64.Build.0 = Debug|x64
		{986FBC2C-7FFF-4298-ACC6-78AE84D004C3}.Debug|x86.ActiveCfg = Debug|Win32
		{986FBC2C-7FFF-4298-ACC6-78AE84D004C3}.Debug|x86.Build.0 = Debug|Win32
		{986FBC2C-7FFF-4298-ACC6-78AE84D004C3}.Release|x64.ActiveCfg = Release|x64
		{986FBC2C-7FFF-4298-ACC6-78AE84D004C3}.Release|x64.Build.0 = Release|x64
		{986FBC2C-7FFF-4298-ACC6-78AE84D004C3}.Release|x86.ActiveCfg = Release|Win32
		{986FBC2C-7FFF-4298-ACC6-78AE84D004C3}.Release|x86.Build.0 = Release|Win32
		{02B80B75-CB2E-4426-8997-1BDBC210922C}.Debug|x64.ActiveCfg = Debug|x64
		{02B80B75-CB2E-4426-8997-1BDBC210922C}.Debug|x64.Build.0 = Debug|x64
		{02B80B75-CB2E-4426-8997-1BDBC210922C}.Debug|x86.ActiveCfg = Debug|Win32
		{02B80B75-CB2E-4426-8997-1BDBC210922C}.Debug|x86.Build.0 = Debug|Win32
		{02B80B75-CB2E-4426-8997-1BDBC210922C}.Release|x64.ActiveCfg = Release|x64
		{02B80B75-CB2E-4426-8997-1BDBC210922C}.Release|x64.Build.0 = Release|x64
		{02B80B75-CB2E-4426-8997-1BDBC210922C}.Release|x86.ActiveCfg = Release|Win32
		{02B80B75-CB2E-4426-8997-1BDBC210922C}.Release|x86.Build.0 = Release|Win32
		{C740B219-7BD2-4F3F-8CF8-44472CA66976}.Debug|x64.ActiveCfg = Debug|x64
		{C740B219-7BD2-4F3F-8CF8-44472CA66976}.Debug|x64.Build.0 = Debug|x64
		{C740B219-7BD2-4F3F-8CF8-44472CA66976}.Debug|x86.ActiveCfg = Debug|Win32
		{C740B219-7BD2-4F3F-8CF8-44472CA66976}.Debug|x86.Build.0 = Debug|Win32
		{C740B219-7BD2-4F3F-8CF8-44472CA66976}.Release|x64.ActiveCfg = Release|x64
		{C740B219-7BD2-4F3F-8CF8-44472CA66976}.Release|x64.Build.0 = Release|x64
		{C740B219-7BD2-4F3F-8CF8-44472CA66976}.Release|x86.ActiveCfg = Release|Win32
		{C740B219-7BD2-4F3F-8CF8-44472CA66976}.Release|x86.Build.0 = Release|Win32
		{9B1D2550-B267-4507-9C9A-FDD9A0EBC8E2}.Debug|x64.ActiveCfg = Debug|x64
		{9B1D2550-B267-4507-9C9A-FDD9A0EBC8E2}.Debug|x64.Build.0 = Debug|x64
		{9B1D2550-B267-4507-9C9A-FDD9A0EBC8E2}.Debug|x86.ActiveCfg = Debug|Win32
		{9B1D2550-B267-4507-9C9A-FDD9A0EBC8E2}.Debug|x86.Build.0 = Debug|Win32
		{9B1D2550-B267-4507-9C9A-FDD9A0EBC8E2}.Release|x64.ActiveCfg = Release|x64
		{9B1D2550-B267-4507-9C9A-FDD9A0EBC8E2}.Release|x64.Build.0 = Release|x64
		{9B1D2550-B267-4507-9C9A-FDD9A0EBC8E2}.Release|x86.ActiveCfg = Release|Win32
		{9B1D2550-B267-4507-9C9A-FDD9A0EBC8E2}.Release|x86.Build.0 = Release|Win32
		{03A2D0A5-66C9-473A-B731-2DEA7F6E9DAE}.Debug|x64.ActiveCfg = Debug|x64
		{03A2D0A5-66C9-473A-B731-2DEA7F6E9DAE}.Debug|x64.Build.0 = Debug|x64
		{03A2D0A5-66C9-473A-B731-2DEA7F6E9DAE}.Debug|x86.ActiveCfg = Debug|Win32
		{03A2D0A5-66C9-473A-B731-2DEA7F6E9DAE}.Debug|x86.Build.0 = Debug|Win32
		{03A2D0A5-66C9-473A-B731-2DEA7F6E9DAE}.Release|x64.ActiveCfg = Release|x64
		{03A2D0A5-66C9-473A-B731-2DEA7F6E9DAE}.Release|x64.Build.0 = Release|x64
		{03A2D0A5-66C9-473A-B731-2DEA7F6E9DAE}.Release|x86.ActiveCfg = Release|Win32
		{03A2D0A5-66C9-473A-B731-2DEA7F6E9DAE}.Release|x86.Build.0 = Release|Win32
		{1FAD9409-12F4-4DA4-A3CE-7EBF0E6F2962}.Debug|x64.ActiveCfg = Debug|x64
		{1FAD9409-12F4-4DA4-A3CE-7EBF0E6F2962}.Debug|x64.Build.0 = Debug|x64
		{1FAD9409-12F4-4DA4-A3CE-7EBF0E6F2962}.Debug|x86.ActiveCfg = Debug|Win32
		{1FAD9409-12F4-4DA4-A3CE-7EBF0E6F2962}.Debug|x86.Build.0 = Debug|Win32
		{1FAD9409-12F4-4DA4-A3CE-7EBF0E6F2962}.Release|x64.ActiveCfg = Release|x64
		{1FAD9409-12F4-4DA4-A3CE-7EBF0E6F2962}.Release|x64.Build.0 = Release|x64
		{1FAD9409-12F4-4DA4-A3CE-7EBF0E6F2962}.Release|x86.ActiveCfg = Release|Win32
		{1FAD9409-12F4-4DA4-A3CE-7EBF0E6F2962}.Release|x86.Build.0 = Release|Win32
		{A5F2AC07-4835-4976-9D50-C4DB80FEA09E}.Debug|x64.ActiveCfg = Debug|x64
		{A5F2AC07-4835-4976-9D50-C4DB80FEA09E}.Debug|x64.Build.0 = Debug|x64
		{A5F2AC07-4835-4976-9D50-C4DB80FEA09E}.Debug|x86.ActiveCfg = Debug|Win32
		{A5F2AC07-4835-4976-9D50-C4DB80FEA09E}.Debug|x86.Build.0 = Debug|Win32
		{A5F2AC07-4835-4976-9D50-C4DB80FEA09E}.Release|x64.ActiveCfg = Release|x64
		{A5F2AC07-4835-4976-9D50-C4DB80FEA09E}.Release|x64.Build.0 = Release|x64
		{A5F2AC07-4835-4976-9D50-C4DB80FEA09E}.Release|x86.ActiveCfg = Release|Win32
		{A5F2AC07-4835-4976-9D50-C4DB80FEA09E}.Release|x86.Build.0 = Release|Win32
		{B61F7D40-CBAE-4DA3-8D69-9E036F7804C0}.Debug|x64.ActiveCfg = Debug|x64
		{B61F7D40-CBAE-4DA3-8D69-9E036F7804C0}.Debug|x64.Build.0 = Debug|x64
		{B61F7D40-CBAE-4DA3-8D69-9E036F7804C0}.Debug|x86.ActiveCfg = Debug|Win32
		{B61F7D40-CBAE-4DA3-8D69-9E036F7804C0}.Debug|x86.Build.0 = Debug|Win32
		{B61F7D40-CBAE-4DA3-8D69-9E036F7804C0}.Release|x64.ActiveCfg = Release|x64
		{B61F7D40-CBAE-4DA3-8D69-9E036F7804C0}.Release|x64.Build.0 = Release|x64
		{B61F7D40-CBAE-4DA3-8D69-9E036F7804C0}.Release|x86.ActiveCfg = Release|Win32
		{B61F7D40-CBAE-4DA3-8D69-9E036F7804C0}.Release|x86.Build.0 = Release|Win32
		{7F460243-05C0-4314-B93D-45C05D46DBD8}.Debug|x64.ActiveCfg = Debug|x64
		{7F460243-05C0-4314-B93D-45C05D46DBD8}.Debug|x64.Build.0 = Debug|x64
		{7F460243-05C0-4314-B93D-45C05D46DBD8}.Debug|x86.ActiveCfg = Debug|Win32
		{7F460243-05C0-4314-B93D-45C05D46DBD8}.Debug|x86.Build.0 = Debug|Win32
		{7F460243-05C0-4314-B93D-45C05D46DBD8}.Release|x64.ActiveCfg = Release|x64
		{7F460243-05C0-4314-B93D-45C05D46DBD8}.Release|x64.Build.0 = Release|x64
		{7F460243-05C0-4314-B93D-45C05D46DBD8}.Release|x86.ActiveCfg = Release|Win32
		{7F460243-05C0-4314-B93D-45C05D46DBD8}.Release|x86.Build.0 = Release|Win32
		{B2BF7C35-7217-4584-A2FD-7F4D1DC97C4A}.Debug|x64.ActiveCfg = Debug|x64
		{B2BF7C35-7217-4584-A2FD-7F4D1DC97C4A}.Debug|x64.Build.0 = Debug|x64
		{B2BF7C35-7217-4584-A2FD-7F4D1DC97C4A}.Debug|x86.ActiveCfg = Debug|Win32
		{B2BF7C35-7217-4584-A2FD-7F4D1DC97C4A}.Debug|x86.Build.0 = Debug|Win32
		{B2BF7C35-7217-4584-A2FD-7F4D1DC97C4A}.Release|x64.ActiveCfg = Release|x64
		{B2BF7C35-7217-4584-A2FD-7F4D1DC97C4A}.Release|x64.Build.0 = Release|x64
		{B2BF7C35-7217-4584-A2FD-7F4D1DC97C4A}.Release|x86.ActiveCfg = Release|Win32
		{B2BF7C35-7217-4584-A2FD-7F4D1DC97C4A}.Release|x86.Build.0 = Release|Win32
		{9E5DC6DB-0AE3-4528-B18E-A350F9F67C3C}.Debug|x64.ActiveCfg = Debug|x64
		{9E5DC6DB-0AE3-4528-B18E-A350F9F67C3C}.Debug|x64.Build.0 = Debug|x64
		{9E5DC6DB-0AE3-4528-B18E-A350F9F67C3C}.Debug|x86.ActiveCfg = Debug|Win32
		{9E5DC6DB-0AE3-4528-B18E-A350F9F67C3C}.Debug|x86.Build.0 = Debug|Win32
		{9E5DC6DB-0AE3-4528-B18E-A350F9F67C3C}.Release|x64.ActiveCfg = Release|x64
		{9E5DC6DB-0AE3-4528-B18E-A350F9F67C3C}.Release|x64.Build.0 = Release|x64
		{9E5DC6DB-0AE3-4528-B18E-A350F9F67C3C}.Release|x86.ActiveCfg = Release|Win32
		{9E5DC6DB-0AE3-4528-B18E-A350F9F67C3C}.Release|x86.Build.0 = Release|Win32
		{9861D755-D611-4245-B628-CC2EABB3A1E4}.Debug|x64.ActiveCfg = Debug|x64
		{9861D755-D611-4245-B628-CC2EABB3A1E4}.Debug|x64.Build.0 = Debug|x64
		{9861D755-D611-4245-B628-CC2EABB3A1E4}.Debug|x86.ActiveCfg = Debug|Win32
		{9861D755-D611-4245-B628-CC2EABB3A1E4}.Debug|x86.Build.0 = Debug|Win32
		{9861D755-D611-4245-B628-CC2EABB3A1E4}.Release|x64.ActiveCfg = Release|x64
		{9861D755-D611-4245-B628-CC2EABB3A1E4}.Release|x64.Build.0 = Release|x64
		{9861D755-D611-4245-B628-CC2EABB3A1E4}.Release|x86.ActiveCfg = Release|Win32
		{9861D755-D611-4245-B628-CC2EABB3A1E4}.Release|x86.Build.0 = Release|Win32
		{8CFFAD33-D499-4F63-9E14-BDD20266727C}.Debug|x64.ActiveCfg = Debug|x64
		{8CFFAD33-D499-4F63-9E14-BDD20266727C}.Debug|x64.Build.0 = Debug|x64
		{8CFFAD33-D499-4F63-9E14-BDD20266727C}.Debug|x86.ActiveCfg = Debug|Win32
		{8CFFAD33-D499-4F63-9E14-BDD20266727C}.Debug|x86.Build.0 = Debug|Win32
		{8CFFAD33-D499-4F63-9E14-BDD20266727C}.Release|x64.ActiveCfg = Release|x64
		{8CFFAD33-D499-4F63-9E14-BDD20266727C}.Release|x64.Build.0 = Release|x64
		{8CFFAD33-D499-4F63-9E14-BDD20266727C}.Release|x86.ActiveCfg = Release|Win32
		{8CFFAD33-D499-4F63-9E14-BDD20266727C}.Release|x86.Build.0 = Release|Win32
		{2FB567FA-1DA7-4DFD-8ED9-5739199429BF}.Debug|x64.ActiveCfg = Debug|x64
		{2FB567FA-1DA7-4DFD-8ED9-5739199429BF}.Debug|x64.Build.0 = Debug|x64
		{2FB567FA-1DA7-4DFD-8ED9-5739199429BF}.Debug|x86.ActiveCfg = Debug|Win32
		{2FB567FA-1DA7-4DFD-8ED9-5739199429BF}.Debug|x86.Build.0 = Debug|Win32
		{2FB567FA-1DA7-4DFD-8ED9-5739199429BF}.Release|x64.ActiveCfg = Release|x64
		{2FB567FA-1DA7-4DFD-8ED9-5739199429BF}.Release|x64.Build.0 = Release|x64
		{2FB567FA-1DA7-4DFD-8ED9-5739199429BF}.Release|x86.ActiveCfg = Release|Win32
		{2FB567FA-1DA7-4DFD-8ED9-5739199429BF}.Release|x86.Build.0 = Release|Win32
		{4D5E3778-BF38-4FF9-BA40-C5D314830BDA}.Debug|x64.ActiveCfg = Debug|x64
		{4D5E3778-BF38-4FF9-BA40-C5D314830BDA}.Debug|x64.Build.0 = Debug|x64
		{4D5E3778-BF38-4FF9-BA40-C5D314830BDA}.Debug|x86.ActiveCfg = Debug|Win32
		{4D5E3778-BF38-4FF9-BA40-C5D314830BDA}.Debug|x86.Build.0 = Debug|Win32
		{4D5E3778-BF38-4FF9-BA40-C5D314830BDA}.Release|x64.ActiveCfg = Release|x64
		{4D5E3778-BF38-4FF9-BA40-C5D314830BDA}.Release|x64.Build.0 = Release|x64
		{4D5E3778-BF38-4FF9-BA40-C5D314830BDA}.Release|x86.ActiveCfg = Release|Win32
		{4D5E3778-BF38-4FF9-BA40-C5D314830BDA}.Release|x86.Build.0 = Release|Win32
		{AD32FD83-0F63-4D81-85AF-22B3E88CB069}.Debug|x64.ActiveCfg = Debug|x64
		{AD32FD83-0F63-4D81-85AF-22B3E88CB069}.Debug|x64.Build.0 = Debug|x64
		{AD32FD83-0F63-4D81-85AF-22B3E88CB069}.Debug|x86.ActiveCfg = Debug|Win32
		{AD32FD83-0F63-4D81-85AF-22B3E88CB069}.Debug|x86.Build.0 = Debug|Win32
		{AD32FD83-0F63-4D81-85AF-22B3E88CB069}.Release|x64.ActiveCfg = Release|x64
		{AD32FD83-0F63-4D81-85AF-22B3E88CB069}.Release|x64.Build.0 = Release|x64
		{AD32FD83-0F63-4D81-85AF-22B3E88CB069}.Release|x86.ActiveCfg = Release|Win32
		{AD32FD83-0F63-4D81-85AF-22B3E88CB069}.Release|x86.Build.0 = Release|Win32
		{FE6A4F94-9A6F-470E-B361-CC397795DE45}.Debug|x64.ActiveCfg = Debug|x64
		{FE6A4F94-9A6F-470E-B361-CC397795DE45}.Debug|x64.Build.0 = Debug|x64
		{FE6A4F94-9A6F-470E-B361-CC397795DE45}.Debug|x86.ActiveCfg = Debug|Win32
		{FE6A4F94-9A6F-470E-B361-CC397795DE45}.Debug|x86.Build.0 = Debug|Win32
		{FE6A4F94-9A6F-470E-B361-CC397795DE45}.Release|x64.ActiveCfg = Release|x64
		{FE6A4F94-9A6F-470E-B361-CC397795DE45}.Release|x64.Build.0 = Release|x64
		{FE6A4F94-9A6F-470E-B361-CC397795DE45}.Release|x86.ActiveCfg = Release|Win32
		{FE6A4F94-9A6F-470E-B361-CC397795DE45}.Release|x86.Build.0 = Release|Win32
		{E6E9BF5D-4C4D-4988-A00B-6BF740991FD9}.Debug|x64.ActiveCfg = Debug|x64
		{E6E9BF5D-4C4D-4988-A00B-6BF740991FD9}.Debug|x64.Build.0 = Debug|x64
		{E6E9BF5D-4C4D-4988-A00B-6BF740991FD9}.Debug|x86.ActiveCfg = Debug|Win32
		{E6E9BF5D-4C4D-4988-A00B-6BF740991FD9}.Debug|x86.Build.0 = Debug|Win32
		{E6E9BF5D-4C4D-4988-A00B-6BF740991FD9}.Release|x64.ActiveCfg = Release|x64
		{E6E9BF5D-4C4D-4988-A00B-6BF740991FD9}.Release|x64.Build.0 = Release|x64
		{E6E9BF5D-4C4D-4988-A00B-6BF740991FD9}.Release|x86.ActiveCfg = Release|Win32
		{E6E9BF5D-4C4D-4988-A00B-6BF740991FD9}.Release|x86.Build.0 = Release|Win32
		{D7F37DC2-1555-494C-894D-61CC03654880}.Debug|x64.ActiveCfg = Debug|x64
		{D7F37DC2-1555-494C-894D-61CC03654880}.Debug|x64.Build.0 = Debug|x64
		{D7F37DC2-1555-494C-894D-61CC03654880}.Debug|x86.ActiveCfg = Debug|Win32
		{D7F37DC2-1555-494C-894D-61CC03654880}.Debug|x86.Build.0 = Debug|Win32
		{D7F37DC2-1555-494C-894D-61CC03654880}.Release|x64.ActiveCfg = Release|x64
		{D7F37DC2-1555-494C-894D-61CC03654880}.Release|x64.Build.0 = Release|x64
		{D7F37DC2-1555-494C-894D-61CC03654880}.Release|x86.ActiveCfg = Release|Win32
		{D7F37DC2-1555-494C-894D-61CC03654880}.Release|x86.Build.0 = Release|Win32
		{08972C30-3918-4F9A-B8A3-F1EA22EA749A}.Debug|x64.ActiveCfg = Debug|x64
		{08972C30-3918-4F9A-B8A3-F1EA22EA749A}.Debug|x64.Build.0 = Debug|x64
		{08972C30-3918-4F9A-B8A3-F1EA22EA749A}.Debug|x86.ActiveCfg = Debug|Win32
		{08972C30-3918-4F9A-B8A3-F1EA22EA749A}.Debug|x86.Build.0 = Debug|Win32
		{08972C30-3918-4F9A-B8A3-F1EA22EA749A}.Release|x64.ActiveCfg = Release|x64
		{08972C30-3918-4F9A-B8A3-F1EA22EA749A}.Release|x64.Build.0 = Release|x64
		{08972C30-3918-4F9A-B8A3-F1EA22EA749A}.Release|x86.ActiveCfg = Release|Win32
		{08972C30-3918-4F9A-B8A3-F1EA22EA749A}.Release|x86.Build.0 = Release|Win32
		{BBC0AE19-3C48-42DB-A3A8-5B665FE7BE68}.Debug|x64.ActiveCfg = Debug|x64
		{BBC0AE19-3C48-42DB-A3A8-5B665FE7BE68}.Debug|x64.Build.0 = Debug|x64
		{BBC0AE19-3C48-42DB-A3A8-5B665FE7BE68}.Debug|x86.ActiveCfg = Debug|Win32
		{BBC0AE19-3C48-42DB-A3A8-5B665FE7BE68}.Debug|x86.Build.0 = Debug|Win32
		{BBC0AE19-3C48-42DB-A3A8-5B665FE7BE68}.Release|x64.ActiveCfg = Release|x64
		{BBC0AE19-3C48-42DB-A3A8-5B665FE7BE68}.Release|x64.Build.0 = Release|x64
		{BBC0AE19-3C48-42DB-A3A8-5B665FE7BE68}.Release|x86.ActiveCfg = Release|Win32
		{BBC0AE19-3C48-42DB-A3A8-5B665FE7BE68}.Release|x86.Build.0 = Release|Win32
		{2BC2B5C6-F8A2-4712-8A17-2F144E88DFF4}.Debug|x64.ActiveCfg = Debug|x64
		{2BC2B5C6-F8A2-4712-8A17-2F144E88DFF4}.Debug|x64.Build.0 = Debug|x64
		{2BC2B5C6-F8A2-4712-8A17-2F144E88DFF4}.Debug|x86.ActiveCfg = Debug|Win32
		{2BC2B5C6-F8A2-4712-8A17-2F144E88DFF4}.Debug|x86.Build.0 = Debug|Win32
		{2BC2B5C6-F8A2-4712-8A17-2F144E88DFF4}.Release|x64.ActiveCfg = Release|x64
		{2BC2B5C6-F8A2-4712-8A17-2F144E88DFF4}.Release|x64.Build.0 = Release|x64
		{2BC2B5C6-F8A2-4712-8A17-2F144E88DFF4}.Release|x86.ActiveCfg = Release|Win32
		{2BC2B5C6-F8A2-4712-8A17-2F144E88DFF4}.Release|x86.Build.0 = Release|Win32
		{0B4BE96C-2BBD-402B-9CE8-70BEB4B72FDC}.Debug|x64.ActiveCfg = Debug|x64
		{0B4BE96C-2BBD-402B-9CE8-70BEB4B72FDC}.Debug|x64.Build.0 = Debug|x64
		{0B4BE96C-2BBD-402B-9CE8-70BEB4B72FDC}.Debug|x86.ActiveCfg = Debug|Win32
		{0B4BE96C-2BBD-402B-9CE8-70BEB4B72FDC}.Debug|x86.Build.0 = Debug|Win32
		{0B4BE96C-2BBD-402B-9CE8-70BEB4B72FDC}.Release|x64.ActiveCfg = Release|x64
		{0B4BE96C-2BBD-402B-9CE8-70BEB4B72FDC}.Release|x64.Build.0 = Release|x64
		{0B4BE96C-2BBD-402B-9CE8-70BEB4B72FDC}.Release|x86.ActiveCfg = Release|Win32
		{0B4BE96C-2BBD-402B-9CE8-70BEB4B72FDC}.Release|x86.Build.0 = Release|Win32
		{C0D53194-3883-449F-8F3E-B21D75474D8F}.Debug|x64.ActiveCfg = Debug|x64
		{C0D53194-3883-449F-8F3E-B21D75474D8F}.Debug|x64.Build.0 = Debug|x64
		{C0D53194-3883-449F-8F3E-B21D75474D8F}.Debug|x86.ActiveCfg = Debug|Win32
		{C0D53194-3883-449F-8F3E-B21D75474D8F}.Debug|x86.Build.0 = Debug|Win32
		{C0D53194-3883-449F-8F3E-B21D75474D8F}.Release|x64.ActiveCfg = Release|x64
		{C0D53194-3883-449F-8F3E-B21D75474D8F}.Release|x64.Build.0 = Release|x64
		{C0D53194-3883-449F-8F3E-B21D75474D8F}.Release|x86.ActiveCfg = Release|Win32
		{C0D53194-3883-449F-8F3E-B21D75474D8F}.Release|x86.Build.0 = Release|Win32
		{63DDE051-1060-4B42-A7A0-7EA0D86226BE}.Debug|x64.ActiveCfg = Debug|x64
		{63DDE051-1060-4B42-A7A0-7EA0D86226BE}.Debug|x64.Build.0 = Debug|x64
		{63DDE051-1060-4B42-A7A0-7EA0D86226BE}.Debug|x86.ActiveCfg = Debug|Win32
		{63DDE051-1060-4B42-A7A0-7EA0D86226BE}.Debug|x86.Build.0 = Debug|Win32
		{63DDE051-1060-4B42-A7A0-7EA0D86226BE}.Release|x64.ActiveCfg = Release|x64
		{63DDE051-1060-4B42-A7A0-7EA0D86226BE}.Release|x64.Build.0 = Release|x64
		{63DDE051-1060-4B42-A7A0-7EA0D86226BE}.Release|x86.ActiveCfg = Release|Win32
		{63DDE051-1060-4B42-A7A0-7EA0D86226BE}.Release|x86.Build.0 = Release|Win32
		{6CB6D063-B43B-4E5F-9A81-5080769F1F0F}.Debug|x64.ActiveCfg = Debug|x64
		{6CB6D063-B43B-4E5F-9A81-5080769F1F0F}.Debug|x64.Build.0 = Debug|x64
		{6CB6D063-B43B-4E5F-9A81-5080769F1F0F}.Debug|x86.ActiveCfg = Debug|Win32
		{6CB6D063-B43B-4E5F-9A81-5080769F1F0F}.Debug|x86.Build.0 = Debug|Win32
		{6CB6D063-B43B-4E5F-9A81-5080769F1F0F}.Release|x64.ActiveCfg = Release|x64
		{6CB6D063-B43B-4E5F-9A81-5080769F1F0F}.Release|x64.Build.0 = Release|x64
		{6CB6D063-B43B-4E5F-9A81-5080769F1F0F}.Release|x86.ActiveCfg = Release|Win32
		{6CB6D063-B43B-4E5F-9A81-5080769F1F0F}.Release|x86.Build.0 = Release|Win32
		{32B53577-B19D-43B4-96D3-249BC986F727}.Debug|x64.ActiveCfg = Debug|x64
		{32B53577-B19D-43B4-96D3-249BC986F727}.Debug|x64.Build.0 = Debug|x64
		{32B53577-B19D-43B4-96D3-249BC986F727}.Debug|x86.ActiveCfg = Debug|Win32
		{32B53577-B19D-43B4-96D3-249BC986F727}.Debug|x86.Build.0 = Debug|Win32
		{32B53577-B19D-43B4-96D3-249BC986F727}.Release|x64.ActiveCfg = Release|x64
		{32B53577-B19D-43B4-96D3-249BC986F727}.Release|x64.Build.0 = Release|x64
		{32B53577-B19D-43B4-96D3-249BC986F727}.Release|x86.ActiveCfg = Release|Win32
		{32B53577-B19D-43B4-96D3-249BC986F727}.Release|x86.Build.0 = Release|Win32
		{37E12354-51CB-4FC8-8778-C4C77DE9C79A}.Debug|x64.ActiveCfg = Debug|x64
		{37E12354-51CB-4FC8-8778-C4C77DE9C79A}.Debug|x64.Build.0 = Debug|x64
		{37E12354-51CB-4FC8-8778-C4C77DE9C79A}.Debug|x86.ActiveCfg = Debug|Win32
		{37E12354-51CB-4FC8-8778-C4C77DE9C79A}.Debug|x86.Build.0 = Debug|Win32
		{37E12354-51CB-4FC8-8778-C4C77DE9C79A}.Release|x64.ActiveCfg = Release|x64
		{37E12354-51CB-4FC8-8778-C4C77DE9C79A}.Release|x64.Build.0 = Release|x64
		{37E12354-51CB-4FC8-8778-C4C77DE9C79A}.Release|x86.ActiveCfg = Release|Win32
		{37E12354-51CB-4FC8-8778-C4C77DE9C79A}.Release|x86.Build.0 = Release|Win32
		{D243FA03-262C-4117-8950-F10563A1592F}.Debug|x64.ActiveCfg = Debug|x64
		{D243FA03-262C-4117-8950-F10563A1592F}.Debug|x64.Build.0 = Debug|x64
		{D243FA03-262C-4117-8950-F10563A1592F}.Debug|x86.ActiveCfg = Debug|Win32
		{D243FA03-262C-4117-8950-F10563A1592F}.Debug|x86.Build.0 = Debug|Win32
		{D243FA03-262C-4117-8950-F10563A1592F}.Release|x64.ActiveCfg = Release|x64
		{D243FA03-262C-4117-8950-F10563A1592F}.Release|x64.Build.0 = Release|x64
		{D243FA03-262C-4117-8950-F10563A1592F}.Release|x86.ActiveCfg = Release|Win32
		{D243FA03-262C-4117-8950-F10563A1592F}.Release|x86.Build.0 = Release|Win32
		{364805FD-10A3-433B-9449-6130D77B3260}.Debug|x64.ActiveCfg = Debug|x64
		{364805FD-10A3-433B-9449-6130D77B3260}.Debug|x64.Build.0 = Debug|x64
		{364805FD-10A3-433B-9449-6130D77B3260}.Debug|x86.ActiveCfg = Debug|Win32
		{364805FD-10A3-433B-9449-6130D77B3260}.Debug|x86.Build.0 = Debug|Win32
		{364805FD-10A3-433B-9449-6130D77B3260}.Release|x64.ActiveCfg = Release|x64
		{364805FD-10A3-433B-9449-6130D77B3260}.Release|x64.Build.0 = Release|x64
		{364805FD-10A3-433B-9449-6130D77B3260}.Release|x86.ActiveCfg = Release|Win32
		{364805FD-10A3-433B-9449-6130D77B3260}.Release|x86.Build.0 = Release|Win32
		{D53FA4D5-F75B-408F-867D-0767904E96F2}.Debug|x64.ActiveCfg = Debug|x64
		{D53FA4D5-F75B-408F-867D-0767904E96F2}.Debug|x64.Build.0 = Debug|x64
		{D53FA4D5-F75B-408F-867D-0767904E96F2}.Debug|x86.ActiveCfg = Debug|Win32
		{D53FA4D5-F75B-408F-867D-0767904E96F2}.Debug|x86.Build.0 = Debug|Win32
		{D53FA4D5-F75B-408F-867D-0767904E96F2}.Release|x64.ActiveCfg = Release|x64
		{D53FA4D5-F75B-408F-867D-0767904E96F2}.Release|x64.Build.0 = Release|x64
		{D53FA4D5-F75B-408F-867D-0767904E96F2}.Release|x86.ActiveCfg = Release|Win32
		{D53FA4D5-F75B-408F-867D-0767904E96F2}.Release|x86.Build.0 = Release|Win32
		{A7BFF1F2-70FE-4E5A-BEB5-B52AD13ADC9F}.Debug|x64.ActiveCfg = Debug|x64
		{A7BFF1F2-70FE-4E5A-BEB5-B52AD13ADC9F}.Debug|x64.Build.0 = Debug|x64
		{A7BFF1F2-70FE-4E5A-BEB5-B52AD13ADC9F}.Debug|x86.ActiveCfg = Debug|Win32
		{A7BFF1F2-70FE-4E5A-BEB5-B52AD13ADC9F}.Debug|x86.Build.0 = Debug|Win32
		{A7BFF1F2-70FE-4E5A-BEB5-B52AD13ADC9F}.Release|x64.ActiveCfg = Release|x64
		{A7BFF1F2-70FE-4E5A-BEB5-B52AD13ADC9F}.Release|x64.Build.0 = Release|x64
		{A7BFF1F2-70FE-4E5A-BEB5-B52AD13ADC9F}.Release|x86.ActiveCfg = Release|Win32
		{A7BFF1F2-70FE-4E5A-BEB5-B52AD13ADC9F}.Release|x86.Build.0 = Release|Win32
		{5FEE806E-55C4-4938-9077-CC3C8EC22952}.Debug|x64.ActiveCfg = Debug|x64
		{5FEE806E-55C4-4938-9077-CC3C8EC22952}.Debug|x64.Build.0 = Debug|x64
		{5FEE806E-55C4-4938-9077-CC3C8EC22952}.Debug|x86.ActiveCfg = Debug|Win32
		{5FEE806E-55C4-4938-9077-CC3C8EC22952}.Debug|x86.Build.0 = Debug|Win32
		{5FEE806E-55C4-4938-9077-CC3C8EC22952}.Release|x64.ActiveCfg = Release|x64
		{5FEE806E-55C4-4938-9077-CC3C8EC22952}.Release|x64.Build.0 = Release|x64
		{5FEE806E-55C4-4938-9077-CC3C8EC22952}.Release|x86.ActiveCfg = Release|Win32
		{5FEE806E-55C4-4938-9077-CC3C8EC22952}.Release|x86.Build.0 = Release|Win32
		{82B02D92-65FC-4BA5-9AC2-26B7C1EA768E}.Debug|x64.ActiveCfg = Debug|x64
		{82B02D92-65FC-4BA5-9AC2-26B7C1EA768E}.Debug|x64.Build.0 = Debug|x64
		{82B02D92-65FC-4BA5-9AC2-26B7C1EA768E}.Debug|x86.ActiveCfg = Debug|Win32
		{82B02D92-65FC-4BA5-9AC2-26B7C1EA768E}.Debug|x86.Build.0 = Debug|Win32
		{82B02D92-65FC-4BA5-9AC2-26B7C1EA768E}.Release|x64.ActiveCfg = Release|x64
		{82B02D92-65FC-4BA5-9AC2-26B7C1EA768E}.Release|x64.Build.0 = Release|x64
		{82B02D92-65FC-4BA5-9AC2-26B7C1EA768E}.Release|x86.ActiveCfg = Release|Win32
		{82B02D92-65FC-4BA5-9AC2-26B7C1EA768E}.Release|x86.Build.0 = Release|Win32
		{DBB4FD43-3BE3-41EA-908D-A14DB246C632}.Debug|x64.ActiveCfg = Debug|x64
		{DBB4FD43-3BE3-41EA-908D-A14DB246C632}.Debug|x64.Build.0 = Debug|x64
		{DBB4FD43-3BE3-41EA-908D-A14DB246C632}.Debug|x86.ActiveCfg = Debug|Win32
		{DBB4FD43-3BE3-41EA-908D-A14DB246C632}.Debug|x86.Build.0 = Debug|Win32
		{DBB4FD43-3BE3-41EA-908D-A14DB246C632}.Release|x64.ActiveCfg = Release|x64
		{DBB4FD43-3BE3-41EA-908D-A14DB246C632}.Release|x64.Build.0 = Release|x64
		{DBB4FD43-3BE3-41EA-908D-A14DB246C632}.Release|x86.ActiveCfg = Release|Win32
		{DBB4FD43-3BE3-41EA-908D-A14DB246C632}.Release|x86.Build.0 = Release|Win32
		{654876B1-F244-4A3A-92D8-CAB2E7333242}.Debug|x64.ActiveCfg = Debug|x64
		{654876B1-F244-4A3A-92D8-CAB2E7333242}.Debug|x64.Build.0 = Debug|x64
		{654876B1-F244-4A3A-92D8-CAB2E7333242}.Debug|x86.ActiveCfg = Debug|Win32
		{654876B1-F244-4A3A-92D8-CAB2E7333242}.Debug|x86.Build.0 = Debug|Win32
		{654876B1-F244-4A3A-92D8-CAB2E7333242}.Release|x64.ActiveCfg = Release|x64
		{654876B1-F244-4A3A-92D8-CAB2E7333242}.Release|x64.Build.0 = Release|x64
		{654876B1-F244-4A3A-92D8-CAB2E7333242}.Release|x86.ActiveCfg = Release|Win32
		{654876B1-F244-4A3A-92D8-CAB2E7333242}.Release|x86.Build.0 = Release|Win32
		{24C4839D-0D9C-4F99-879E-539BEFF349DD}.Debug|x64.ActiveCfg = Debug|x64
		{24C4839D-0D9C-4F99-879E-539BEFF349DD}.Debug|x64.Build.0 = Debug|x64
		{24C4839D-0D9C-4F99-879E-539BEFF349DD}.Debug|x86.ActiveCfg = Debug|Win32
		{24C4839D-0D9C-4F99-879E-539BEFF349DD}.Debug|x86.Build.0 = Debug|Win32
		{24C4839D-0D9C-4F99-879E-539BEFF349DD}.Release|x64.ActiveCfg = Release|x64
		{24C4839D-0D9C-4F99-879E-539BEFF349DD}.Release|x64.Build.0 = Release|x64
		{24C4839D-0D9C-4F99-879E-539BEFF349DD}.Release|x86.ActiveCfg = Release|Win32
		{24C4839D-0D9C-4F99-879E-539BEFF349DD}.Release|x86.Build.0 = Release|Win32
		{C3791ECB-E386-4CAA-BED1-6A3FC566B34E}.Debug|x64.ActiveCfg = Debug|x64
		{C3791ECB-E386-4CAA-BED1-6A3FC566B34E}.Debug|x64.Build.0 = Debug|x64
		{C3791ECB-E386-4CAA-BED1-6A3FC566B34E}.Debug|x86.ActiveCfg = Debug|Win32
		{C3791ECB-E386-4CAA-BED1-6A3FC566B34E}.Debug|x86.Build.0 = Debug|Win32
		{C3791ECB-E386-4CAA-BED1-6A3FC566B34E}.Release|x64.ActiveCfg = Release|x64
		{C3791ECB-E386-4CAA-BED1-6A3FC566B34E}.Release|x64.Build.0 = Release|x64
		{C3791ECB-E386-4CAA-BED1-6A3FC566B34E}.Release|x86.ActiveCfg = Release|Win32
		{C3791ECB-E386-4CAA-BED1-6A3FC566B34E}.Release|x86.Build.0 = Release|Win32
		{230F49F2-C02C-4D52-B55A-5FF1C14DFF58}.Debug|x64.ActiveCfg = Debug|x64
		{230F49F2-C02C-4D52-B55A-5FF1C14DFF58}.Debug|x64.Build.0 = Debug|x64
		{230F49F2-C02C-4D52-B55A-5FF1C14DFF58}.Debug|x86.ActiveCfg = Debug|Win32
		{230F49F2-C02C-4D52-B55A-5FF1C14DFF58}.Debug|x86.Build.0 = Debug|Win32
		{230F49F2-C02C-4D52-B55A-5FF1C14DFF58}.Release|x64.ActiveCfg = Release|x64
		{230F49F2-C02C-4D52-B55A-5FF1C14DFF58}.Release|x64.Build.0 = Release|x64
		{230F49F2-C02C-4D52-B55A-5FF1C14DFF58}.Release|x86.ActiveCfg = Release|Win32
		{230F49F2-C02C-4D52-B55A-5FF1C14DFF58}.Release|x86.Build.0 = Release|Win32
		{634B121A-274B-483B-8CF1-F7A1313377C1}.Debug|x64.ActiveCfg = Debug|x64
		{634B121A-274B-483B-8CF1-F7A1313377C1}.Debug|x64.Build.0 = Debug|x64
		{634B121A-274B-483B-8CF1-F7A1313377C1}.Debug|x86.ActiveCfg = Debug|Win32
		{634B121A-274B-483B-8CF1-F7A1313377C1}.Debug|x86.Build.0 = Debug|Win32
		{634B121A-274B-483B-8CF1-F7A1313377C1}.Release|x64.ActiveCfg = Release|x64
		{634B121A-274B-483B-8CF1-F7A1313377C1}.Release|x64.Build.0 = Release|x64
		{634B121A-274B-483B-8CF1-F7A1313377C1}.Release|x86.ActiveCfg = Release|Win32
		{634B121A-274B-483B-8CF1-F7A1313377C1}.Release|x86.Build.0 = Release|Win32
		{5D386885-A572-4242-B0A4-259BE947218C}.Debug|x64.ActiveCfg = Debug|x64
		{5D386885-A572-4242-B0A4-259BE947218C}.Debug|x64.Build.0 = Debug|x64
		{5D386885-A572-4242-B0A4-259BE947218C}.Debug|x86.ActiveCfg = Debug|Win32
		{5D386885-A572-4242-B0A4-259BE947218C}.Debug|x86.Build.0 = Debug|Win32
		{5D386885-A572-4242-B0A4-259BE947218C}.Release|x64.ActiveCfg = Release|x64
		{5D386885-A572-4242-B0A4-259BE947218C}.Release|x64.Build.0 = Release|x64
		{5D386885-A572-4242-B0A4-259BE947218C}.Release|x86.ActiveCfg = Release|Win32
		{5D386885-A572-4242-B0A4-259BE947218C}.Release|x86.Build.0 = Release|Win32
		{749DFBC7-A58C-4198-B256-CEE945DFDC2F}.Debug|x64.ActiveCfg = Debug|x64
		{749DFBC7-A58C-4198-B256-CEE945DFDC2F}.Debug|x64.Build.0 = Debug|x64
		{749DFBC7-A58C-4198-B256-CEE945DFDC2F}.Debug|x86.ActiveCfg = Debug|Win32
		{749DFBC7-A58C-4198-B256-CEE945DFDC2F}.Debug|x86.Build.0 = Debug|Win32
		{749DFBC7-A58C-4198-B256-CEE945DFDC2F}.Release|x64.ActiveCfg = Release|x64
		{749DFBC7-A58C-4198-B256-CEE945DFDC2F}.Release|x64.Build.0 = Release|x64
		{749DFBC7-A58C-4198-B256-CEE945DFDC2F}.Release|x86.ActiveCfg = Release|Win32
		{749DFBC7-A58C-4198-B256-CEE945DFDC2F}.Release|x86.Build.0 = Release|Win32
		{D2335331-8A19-4655-8203-E01F70BEC4FB}.Debug|x64.ActiveCfg = Debug|x64
		{D2335331-8A19-4655-8203-E01F70BEC4FB}.Debug|x64.Build.0 = Debug|x64
		{D2335331-8A19-4655-8203-E01F70BEC4FB}.Debug|x86.ActiveCfg = Debug|Win32
		{D2335331-8A19-4655-8203-E01F70BEC4FB}.Debug|x86.Build.0 = Debug|Win32
		{D2335331-8A19-4655-8203-E01F70BEC4FB}.Release|x64.ActiveCfg = Release|x64
		{D2335331-8A19-4655-8203-E01F70BEC4FB}.Release|x64.Build.0 = Release|x64
		{D2335331-8A19-4655-8203-E01F70BEC4FB}.Release|x86.ActiveCfg = Release|Win32
		{D2335331-8A19-4655-8203-E01F70BEC4FB}.Release|x86.Build.0 = Release|Win32
		{B018D7B3-ABE4-4219-9EA9-12FC896FDF60}.Debug|x64.ActiveCfg = Debug|x64
		{B018D7B3-ABE4-4219-9EA9-12FC896FDF60}.Debug|x64.Build.0 = Debug|x64
		{B018D7B3-ABE4-4219-9EA9-12FC896FDF60}.Debug|x86.ActiveCfg = Debug|Win32
		{B018D7B3-ABE4-4219-9EA9-12FC896FDF60}.Debug|x86.Build.0 = Debug|Win32
		{B018D7B3-ABE4-4219-9EA9-12FC896FDF60}.Release|x64.ActiveCfg = Release|x64
		{B018D7B3-ABE4-4219-9EA9-12FC896FDF60}.Release|x64.Build.0 = Release|x64
		{B018D7B3-ABE4-4219-9EA9-12FC896FDF60}.Release|x86.ActiveCfg = Release|Win32
		{B018D7B3-ABE4-4219-9EA9-12FC896FDF60}.Release|x86.Build.0 = Release|Win32
		{7D872D85-70A7-447F-BDA3-3A0495602711}.Debug|x64.ActiveCfg = Debug|x64
		{7D872D85-70A7-447F-BDA3-3A0495602711}.Debug|x64.Build.0 = Debug|x64
		{7D872D85-70A7-447F-BDA3-3A0495602711}.Debug|x86.ActiveCfg = Debug|Win32
		{7D872D85-70A7-447F-BDA3-3A0495602711}.Debug|x86.Build.0 = Debug|Win32
		{7D872D85-70A7-447F-BDA3-3A0495602711}.Release|x64.ActiveCfg = Release|x64
		{7D872D85-70A7-447F-BDA3-3A0495602711}.Release|x64.Build.0 = Release|x64
		{7D872D85-70A7-447F-BDA3-3A0495602711}.Release|x86.ActiveCfg = Release|Win32
		{7D872D85-70A7-447F-BDA3-3A0495602711}.Release|x86.Build.0 = Release|Win32
		{917BCE4F-570B-406A-BDF1-69CBB8A5A083}.Debug|x64.ActiveCfg = Debug|x64
		{917BCE4F-570B-406A-BDF1-69CBB8A5A083}.Debug|x64.Build.0 = Debug|x64
		{917BCE4F-570B-406A-BDF1-69CBB8A5A083}.Debug|x86.ActiveCfg = Debug|Win32
		{917BCE4F-570B-406A-BDF1-69CBB8A5A083}.Debug|x86.Build.0 = Debug|Win32
		{917BCE4F-570B-406A-BDF1-69CBB8A5A083}.Release|x64.ActiveCfg = Release|x64
		{917BCE4F-570B-406A-BDF1-69CBB8A5A083}.Release|x64.Build.0 = Release|x64
		{917BCE4F-570B-406A-BDF1-69CBB8A5A083}.Release|x86.ActiveCfg = Release|Win32
		{917BCE4F-570B-406A-BDF1-69CBB8A5A083}.Release|x86.Build.0 = Release|Win32
		{A7C2B617-6D39-48A6-AEAC-2ED3F25AA139}.Debug|x64.ActiveCfg = Debug|x64
		{A7C2B617-6D39-48A6-AEAC-2ED3F25AA139}.Debug|x64.Build.0 = Debug|x64
		{A7C2B617-6D39-48A6-AEAC-2ED3F25AA139}.Debug|x86.ActiveCfg = Debug|Win32
		{A7C2B617-6D39-48A6-AEAC-2ED3F25AA139}.Debug|x86.Build.0 = Debug|Win32
		{A7C2B617-6D39-48A6-AEAC-2ED3F25AA139}.Release|x64.ActiveCfg = Release|x64
		{A7C2B617-6D39-48A6-AEAC-2ED3F25AA139}.Release|x64.Build.0 = Release|x64
		{A7C2B617-6D39-48A6-AEAC-2ED3F25AA139}.Release|x86.ActiveCfg = Release|Win32
		{A7C2B617-6D39-48A6-AEAC-2ED3F25AA139}.Release|x86.Build.0 = Release|Win32
		{D76150CB-13D1-43A3-A70D-22DD89DAE27B}.Debug|x64.ActiveCfg = Debug|x64
		{D76150CB-13D1-43A3-A70D-22DD89DAE27B}.Debug|x64.Build.0 = Debug|x64
		{D76150CB-13D1-43A3-A70D-22DD89DAE27B}.Debug|x86.ActiveCfg = Debug|Win32
		{D76150CB-13D1-43A3-A70D-22DD89DAE27B}.Debug|x86.Build.0 = Debug|Win32
		{D76150CB-13D1-43A3-A70D-22DD89DAE27B}.Release|x64.ActiveCfg = Release|x64
		{D76150CB-13D1-43A3-A70D-22DD89DAE27B}.Release|x64.Build.0 = Release|x64
		{D76150CB-13D1-43A3-A70D-22DD89DAE27B}.Release|x86.ActiveCfg = Release|Win32
		{D76150CB-13D1-43A3-A70D-22DD89DAE27B}.Release|x86.Build.0 = Release|Win32
		{B82A335C-F6EC-4B2F-9ABD-7026E1F3A29D}.Debug|x64.ActiveCfg = Debug|x64
		{B82A335C-F6EC-4B2F-9ABD-7026E1F3A29D}.Debug|x64.Build.0 = Debug|x64
		{B82A335C-F6EC-4B2F-9ABD-7026E1F3A29D}.Debug|x86.ActiveCfg = Debug|Win32
		{B82A335C-F6EC-4B2F-9ABD-7026E1F3A29D}.Debug|x86.Build.0 = Debug|Win32
		{B82A335C-F6EC-4B2F-9ABD-7026E1F3A29D}.Release|x64.ActiveCfg = Release|x64
		{B82A335C-F6EC-4B2F-9ABD-7026E1F3A29D}.Release|x64.Build.0 = Release|x64
		{B82A335C-F6EC-4B2F-9ABD-7026E1F3A29D}.Release|x86.ActiveCfg = Release|Win32
		{B82A335C-F6EC-4B2F-9ABD-7026E1F3A29D}.Release|x86.Build.0 = Release|Win32
		{5BFE12E4-85E5-43FD-AE42-9494468EFEE4}.Debug|x64.ActiveCfg = Debug|x64
		{5BFE12E4-85E5-43FD-AE42-9494468EFEE4}.Debug|x64.Build.0 = Debug|x64
		{5BFE12E4-85E5-43FD-AE42-9494468EFEE4}.Debug|x86.ActiveCfg = Debug|Win32
		{5BFE12E4-85E5-43FD-AE42-9494468EFEE4}.Debug|x86.Build.0 = Debug|Win32
		{5BFE12E4-85E5-43FD-AE42-9494468EFEE4}.Release|x64.ActiveCfg = Release|x64
		{5BFE12E4-85E5-43FD-AE42-9494468EFEE4}.Release|x64.Build.0 = Release|x64
		{5BFE12E4-85E5-43FD-AE42-9494468EFEE4}.Release|x86.ActiveCfg = Release|Win32
		{5BFE12E4-85E5-43FD-AE42-9494468EFEE4}.Release|x86.Build.0 = Release|Win32
		{FC6B80F3-8444-4311-AB7E-3ACD4AA6DA02}.Debug|x64.ActiveCfg = Debug|x64
		{FC6B80F3-8444-4311-AB7E-3ACD4AA6DA02}.Debug|x64.Build.0 = Debug|x64
		{FC6B80F3-8444-4311-AB7E-3ACD4AA6DA02}.Debug|x86.ActiveCfg = Debug|Win32
		{FC6B80F3-8444-4311-AB7E-3ACD4AA6DA02}.Debug|x86.Build.0 = Debug|Win32
		{FC6B80F3-8444-4311-AB7E-3ACD4AA6DA02}.Release|x64.ActiveCfg = Release|x64
		{FC6B80F3-8444-4311-AB7E-3ACD4AA6DA02}.Release|x64.Build.0 = Release|x64
		{FC6B80F3-8444-4311-AB7E-3ACD4AA6DA02}.Release|x86.ActiveCfg = Release|Win32
		{FC6B80F3-8444-4311-AB7E-3ACD4AA6DA02}.Release|x86.Build.0 = Release|Win32
		{3B6404CB-0FB8-41A2-B479-CA8A73F17527}.Debug|x64.ActiveCfg = Debug|x64
		{3B6404CB-0FB8-41A2-B479-CA8A73F17527}.Debug|x64.Build.0 = Debug|x64
		{3B6404CB-0FB8-41A2-B479-CA8A73F17527}.Debug|x86.ActiveCfg = Debug|Win32
		{3B6404CB-0FB8-41A2-B479-CA8A73F17527}.Debug|x86.Build.0 = Debug|Win32
		{3B6404CB-0FB8-41A2-B479-CA8A73F17527}.Release|x64.ActiveCfg = Release|x64
		{3B6404CB-0FB8-41A2-B479-CA8A73F17527}.Release|x64.Build.0 = Release|x64
		{3B6404CB-0FB8-41A2-B479-CA8A73F17527}.Release|x86.ActiveCfg = Release|Win32
		{3B6404CB-0FB8-41A2-B479-CA8A73F17527}.Release|x86.Build.0 = Release|Win32
		{FE9F6400-7D2F-4BD0-B73C-9F4A20710AC8}.Debug|x64.ActiveCfg = Debug|x64
		{FE9F6400-7D2F-4BD0-B73C-9F4A20710AC8}.Debug|x64.Build.0 = Debug|x64
		{FE9F6400-7D2F-4BD0-B73C-9F4A20710AC8}.Debug|x86.ActiveCfg = Debug|Win32
		{FE9F6400-7D2F-4BD0-B73C-9F4A20710AC8}.Debug|x86.Build.0 = Debug|Win32
		{FE9F6400-7D2F-4BD0-B73C-9F4A20710AC8}.Release|x64.ActiveCfg = Release|x64
		{FE9F6400-7D2F-4BD0-B73C-9F4A20710AC8}.Release|x64.Build.0 = Release|x64
		{FE9F6400-7D2F-4BD0-B73C-9F4A20710AC8}.Release|x86.ActiveCfg = Release|Win32
		{FE9F6400-7D2F-4BD0-B73C-9F4A20710AC8}.Release|x86.Build.0 = Release|Win32
		{E4A65F76-C479-4287-8C2B-02EBA5F3952C}.Debug|x64.ActiveCfg = Debug|x64
		{E4A65F76-C479-4287-8C2B-02EBA5F3952C}.Debug|x64.Build.0 = Debug|x64
		{E4A65F76-C479-4287-8C2B-02EBA5F3952C}.Debug|x86.ActiveCfg = Debug|Win32
		{E4A65F76-C479-4287-8C2B-02EBA5F3952C}.Debug|x86.Build.0 = Debug|Win32
		{E4A65F76-C479-4287-8C2B-02EBA5F3952C}.Release|x64.ActiveCfg = Release|x64
		{E4A65F76-C479-4287-8C2B-02EBA5F3952C}.Release|x64.Build.0 = Release|x64
		{E4A65F76-C479-4287-8C2B-02EBA5F3952C}.Release|x86.ActiveCfg = Release|Win32
		{E4A65F76-C479-4287-8C2B-02EBA5F3952C}.Release|x86.Build.0 = Release|Win32
	EndGlobalSection
	GlobalSection(SolutionProperties) = preSolution
		HideSolutionNode = FALSE
	EndGlobalSection
	GlobalSection(ExtensibilityGlobals) = postSolution
		SolutionGuid = {06EC43CC-7352-4D3D-B5FD-0E2061BD0C5F}
	EndGlobalSection
EndGlobal
